
Microsoft Visual Studio Solution File, Format Version 12.00
# Visual Studio Version 17
VisualStudioVersion = 17.2.32616.157
MinimumVisualStudioVersion = 10.0.40219.1
Project("{FAE04EC0-301F-11D3-BF4B-00C04F79EFBC}") = "ApostilaDeCSharp.ParadigmaEstruturado", "ApostilaDeCSharp.ParadigmaEstruturado\ApostilaDeCSharp.ParadigmaEstruturado.csproj", "{0BFD2825-A27C-4162-819C-5C48BD667B2F}"
EndProject
Project("{FAE04EC0-301F-11D3-BF4B-00C04F79EFBC}") = "ApostilaDeCSharp.EstruturasDeSelecao", "ApostilaDeCSharp.EstruturasDeSelecao\ApostilaDeCSharp.EstruturasDeSelecao.csproj", "{98A352A8-EDEE-4880-8888-3E0300AF4496}"
EndProject
Project("{FAE04EC0-301F-11D3-BF4B-00C04F79EFBC}") = "ApostilaDeCSharp.OrientacaoObjetos", "ApostilaDeCSharp.OrientacaoObjetos\ApostilaDeCSharp.OrientacaoObjetos.csproj", "{3FB636E0-C8E6-4D2E-A3AA-1202D113CA2F}"
EndProject
Project("{FAE04EC0-301F-11D3-BF4B-00C04F79EFBC}") = "ApostilaDeCSharp.InterfaceGrafica", "ApostilaDeCSharp.InterfaceGrafica\ApostilaDeCSharp.InterfaceGrafica.csproj", "{03FCF25E-165D-49E0-8577-6EF8C62E54B1}"
EndProject
Global
	GlobalSection(SolutionConfigurationPlatforms) = preSolution
		Debug|Any CPU = Debug|Any CPU
		Release|Any CPU = Release|Any CPU
	EndGlobalSection
	GlobalSection(ProjectConfigurationPlatforms) = postSolution
		{0BFD2825-A27C-4162-819C-5C48BD667B2F}.Debug|Any CPU.ActiveCfg = Debug|Any CPU
		{0BFD2825-A27C-4162-819C-5C48BD667B2F}.Debug|Any CPU.Build.0 = Debug|Any CPU
		{0BFD2825-A27C-4162-819C-5C48BD667B2F}.Release|Any CPU.ActiveCfg = Release|Any CPU
		{0BFD2825-A27C-4162-819C-5C48BD667B2F}.Release|Any CPU.Build.0 = Release|Any CPU
		{98A352A8-EDEE-4880-8888-3E0300AF4496}.Debug|Any CPU.ActiveCfg = Debug|Any CPU
		{98A352A8-EDEE-4880-8888-3E0300AF4496}.Debug|Any CPU.Build.0 = Debug|Any CPU
		{98A352A8-EDEE-4880-8888-3E0300AF4496}.Release|Any CPU.ActiveCfg = Release|Any CPU
		{98A352A8-EDEE-4880-8888-3E0300AF4496}.Release|Any CPU.Build.0 = Release|Any CPU
		{3FB636E0-C8E6-4D2E-A3AA-1202D113CA2F}.Debug|Any CPU.ActiveCfg = Debug|Any CPU
		{3FB636E0-C8E6-4D2E-A3AA-1202D113CA2F}.Debug|Any CPU.Build.0 = Debug|Any CPU
		{3FB636E0-C8E6-4D2E-A3AA-1202D113CA2F}.Release|Any CPU.ActiveCfg = Release|Any CPU
		{3FB636E0-C8E6-4D2E-A3AA-1202D113CA2F}.Release|Any CPU.Build.0 = Release|Any CPU
		{03FCF25E-165D-49E0-8577-6EF8C62E54B1}.Debug|Any CPU.ActiveCfg = Debug|Any CPU
		{03FCF25E-165D-49E0-8577-6EF8C62E54B1}.Debug|Any CPU.Build.0 = Debug|Any CPU
		{03FCF25E-165D-49E0-8577-6EF8C62E54B1}.Release|Any CPU.ActiveCfg = Release|Any CPU
		{03FCF25E-165D-49E0-8577-6EF8C62E54B1}.Release|Any CPU.Build.0 = Release|Any CPU
	EndGlobalSection
	GlobalSection(SolutionProperties) = preSolution
		HideSolutionNode = FALSE
	EndGlobalSection
	GlobalSection(ExtensibilityGlobals) = postSolution
		SolutionGuid = {DF21C5B8-5451-47B3-9C0B-B2F9550C1355}
	EndGlobalSection
EndGlobal
